
Microsoft Visual Studio Solution File, Format Version 12.00
# Visual Studio 2012
Project("{8BC9CEB8-8B4A-11D0-8D11-00A0C91BC942}") = "BioCronus", "BioCronus\BioCronus.vcxproj", "{6C2185DE-95EE-4C3C-8BB8-61188F6241E4}"
EndProject
Global
	GlobalSection(SolutionConfigurationPlatforms) = preSolution
		Debug|Win32 = Debug|Win32
		Release|Win32 = Release|Win32
	EndGlobalSection
	GlobalSection(ProjectConfigurationPlatforms) = postSolution
		{6C2185DE-95EE-4C3C-8BB8-61188F6241E4}.Debug|Win32.ActiveCfg = Debug|Win32
		{6C2185DE-95EE-4C3C-8BB8-61188F6241E4}.Debug|Win32.Build.0 = Debug|Win32
		{6C2185DE-95EE-4C3C-8BB8-61188F6241E4}.Release|Win32.ActiveCfg = Release|Win32
		{6C2185DE-95EE-4C3C-8BB8-61188F6241E4}.Release|Win32.Build.0 = Release|Win32
	EndGlobalSection
	GlobalSection(SolutionProperties) = preSolution
		HideSolutionNode = FALSE
	EndGlobalSection
EndGlobal
